
Microsoft Visual Studio Solution File, Format Version 12.00
# Visual Studio Version 17
VisualStudioVersion = 17.4.33213.308
MinimumVisualStudioVersion = 10.0.40219.1
Project("{FAE04EC0-301F-11D3-BF4B-00C04F79EFBC}") = "IMDB", "IMDB\IMDB.csproj", "{7EA026CC-2E53-4B90-8301-BEDEE1DCBA78}"
EndProject
Project("{FAE04EC0-301F-11D3-BF4B-00C04F79EFBC}") = "IMDB.Test", "IMDB.Test\IMDB.Test.csproj", "{02A93022-224C-4A82-829F-0B9022868D45}"
EndProject
Global
	GlobalSection(SolutionConfigurationPlatforms) = preSolution
		Debug|Any CPU = Debug|Any CPU
		Release|Any CPU = Release|Any CPU
	EndGlobalSection
	GlobalSection(ProjectConfigurationPlatforms) = postSolution
		{7EA026CC-2E53-4B90-8301-BEDEE1DCBA78}.Debug|Any CPU.ActiveCfg = Debug|Any CPU
		{7EA026CC-2E53-4B90-8301-BEDEE1DCBA78}.Debug|Any CPU.Build.0 = Debug|Any CPU
		{7EA026CC-2E53-4B90-8301-BEDEE1DCBA78}.Release|Any CPU.ActiveCfg = Release|Any CPU
		{7EA026CC-2E53-4B90-8301-BEDEE1DCBA78}.Release|Any CPU.Build.0 = Release|Any CPU
		{02A93022-224C-4A82-829F-0B9022868D45}.Debug|Any CPU.ActiveCfg = Debug|Any CPU
		{02A93022-224C-4A82-829F-0B9022868D45}.Debug|Any CPU.Build.0 = Debug|Any CPU
		{02A93022-224C-4A82-829F-0B9022868D45}.Release|Any CPU.ActiveCfg = Release|Any CPU
		{02A93022-224C-4A82-829F-0B9022868D45}.Release|Any CPU.Build.0 = Release|Any CPU
	EndGlobalSection
	GlobalSection(SolutionProperties) = preSolution
		HideSolutionNode = FALSE
	EndGlobalSection
	GlobalSection(ExtensibilityGlobals) = postSolution
		SolutionGuid = {91AC4ECF-908B-4D2D-A7D8-870F308A16AC}
	EndGlobalSection
EndGlobal
